
Microsoft Visual Studio Solution File, Format Version 12.00
# Visual Studio 15
VisualStudioVersion = 15.0.28307.489
MinimumVisualStudioVersion = 10.0.40219.1
Project("{FAE04EC0-301F-11D3-BF4B-00C04F79EFBC}") = "student-exercises-revamp", "student-exercises-revamp\student-exercises-revamp.csproj", "{FC245267-1087-49D1-AA23-6D63C0439861}"
EndProject
Global
	GlobalSection(SolutionConfigurationPlatforms) = preSolution
		Debug|Any CPU = Debug|Any CPU
		Release|Any CPU = Release|Any CPU
	EndGlobalSection
	GlobalSection(ProjectConfigurationPlatforms) = postSolution
		{FC245267-1087-49D1-AA23-6D63C0439861}.Debug|Any CPU.ActiveCfg = Debug|Any CPU
		{FC245267-1087-49D1-AA23-6D63C0439861}.Debug|Any CPU.Build.0 = Debug|Any CPU
		{FC245267-1087-49D1-AA23-6D63C0439861}.Release|Any CPU.ActiveCfg = Release|Any CPU
		{FC245267-1087-49D1-AA23-6D63C0439861}.Release|Any CPU.Build.0 = Release|Any CPU
	EndGlobalSection
	GlobalSection(SolutionProperties) = preSolution
		HideSolutionNode = FALSE
	EndGlobalSection
	GlobalSection(ExtensibilityGlobals) = postSolution
		SolutionGuid = {090AB72C-AEFD-4699-B65E-BEB4F4BFBCC0}
	EndGlobalSection
EndGlobal
